dependencies:
  idf:
    source:
      type: idf
    version: 5.5.0
  joltwallet/littlefs:
    component_hash: dcea25bcef2de023f089f5f01e8d8c46ad1b8ffef75861ad5ffb4098555839df
    dependencies:
    - name: idf
      require: private
      version: '>=5.0'
    source:
      registry_url: https://components.espressif.com/
      type: service
    version: 1.20.4
direct_dependencies:
- idf
- joltwallet/littlefs
manifest_hash: 3b73b04506a699f379049fad6b66f9d5cc2672de208e5cda1bc759e5d044fe32
target: esp32s3
version: 2.0.0
